
Microsoft Visual Studio Solution File, Format Version 12.00
# Visual Studio Version 18
VisualStudioVersion = 18.5.11723.231
MinimumVisualStudioVersion = 10.0.40219.1
Project("{2150E333-8FDC-42A3-9474-1A3956D46DE8}") = "src", "src", "{827E0CD3-B72D-47B6-A68D-7590B98EB39B}"
EndProject
Project("{FAE04EC0-301F-11D3-BF4B-00C04F79EFBC}") = "AiTutor.Core", "src\AiTutor.Core\AiTutor.Core.csproj", "{46C9CF37-0305-47EE-8A99-16E10CE480CF}"
EndProject
Project("{FAE04EC0-301F-11D3-BF4B-00C04F79EFBC}") = "AiTutor.Shared", "src\AiTutor.Shared\AiTutor.Shared.csproj", "{4F7D4BF3-DE54-4D97-BE75-6595D9727D32}"
EndProject
Project("{FAE04EC0-301F-11D3-BF4B-00C04F79EFBC}") = "AiTutor.Infrastructure", "src\AiTutor.Infrastructure\AiTutor.Infrastructure.csproj", "{92B65CDA-A625-46E5-A89B-C3DFEF9CF6BD}"
EndProject
Project("{FAE04EC0-301F-11D3-BF4B-00C04F79EFBC}") = "AiTutor.Api", "src\AiTutor.Api\AiTutor.Api.csproj", "{748FD4B3-D8E0-4FF5-AF67-40E1E252120F}"
EndProject
Project("{FAE04EC0-301F-11D3-BF4B-00C04F79EFBC}") = "AiTutor.Maui", "src\AiTutor.Maui\AiTutor.Maui.csproj", "{239FE8CA-D263-43E4-95BB-AC1E89D18A4D}"
EndProject
Project("{2150E333-8FDC-42A3-9474-1A3956D46DE8}") = "tests", "tests", "{0AB3BF05-4346-4AA6-1389-037BE0695223}"
EndProject
Project("{FAE04EC0-301F-11D3-BF4B-00C04F79EFBC}") = "AiTutor.Tests", "tests\AiTutor.Tests\AiTutor.Tests.csproj", "{4DA9F65A-AA4E-4085-AF55-E7467204B2E0}"
EndProject
Project("{FAE04EC0-301F-11D3-BF4B-00C04F79EFBC}") = "AiTutor.Wpf", "src\AiTutor.Wpf\AiTutor.Wpf.csproj", "{638C9768-4F7C-45A2-A376-A9D33F467A30}"
EndProject
Global
	GlobalSection(SolutionConfigurationPlatforms) = preSolution
		Debug|Any CPU = Debug|Any CPU
		Debug|x64 = Debug|x64
		Debug|x86 = Debug|x86
		Release|Any CPU = Release|Any CPU
		Release|x64 = Release|x64
		Release|x86 = Release|x86
	EndGlobalSection
	GlobalSection(ProjectConfigurationPlatforms) = postSolution
		{46C9CF37-0305-47EE-8A99-16E10CE480CF}.Debug|Any CPU.ActiveCfg = Debug|Any CPU
		{46C9CF37-0305-47EE-8A99-16E10CE480CF}.Debug|Any CPU.Build.0 = Debug|Any CPU
		{46C9CF37-0305-47EE-8A99-16E10CE480CF}.Debug|x64.ActiveCfg = Debug|Any CPU
		{46C9CF37-0305-47EE-8A99-16E10CE480CF}.Debug|x64.Build.0 = Debug|Any CPU
		{46C9CF37-0305-47EE-8A99-16E10CE480CF}.Debug|x86.ActiveCfg = Debug|Any CPU
		{46C9CF37-0305-47EE-8A99-16E10CE480CF}.Debug|x86.Build.0 = Debug|Any CPU
		{46C9CF37-0305-47EE-8A99-16E10CE480CF}.Release|Any CPU.ActiveCfg = Release|Any CPU
		{46C9CF37-0305-47EE-8A99-16E10CE480CF}.Release|Any CPU.Build.0 = Release|Any CPU
		{46C9CF37-0305-47EE-8A99-16E10CE480CF}.Release|x64.ActiveCfg = Release|Any CPU
		{46C9CF37-0305-47EE-8A99-16E10CE480CF}.Release|x64.Build.0 = Release|Any CPU
		{46C9CF37-0305-47EE-8A99-16E10CE480CF}.Release|x86.ActiveCfg = Release|Any CPU
		{46C9CF37-0305-47EE-8A99-16E10CE480CF}.Release|x86.Build.0 = Release|Any CPU
		{4F7D4BF3-DE54-4D97-BE75-6595D9727D32}.Debug|Any CPU.ActiveCfg = Debug|Any CPU
		{4F7D4BF3-DE54-4D97-BE75-6595D9727D32}.Debug|Any CPU.Build.0 = Debug|Any CPU
		{4F7D4BF3-DE54-4D97-BE75-6595D9727D32}.Debug|x64.ActiveCfg = Debug|Any CPU
		{4F7D4BF3-DE54-4D97-BE75-6595D9727D32}.Debug|x64.Build.0 = Debug|Any CPU
		{4F7D4BF3-DE54-4D97-BE75-6595D9727D32}.Debug|x86.ActiveCfg = Debug|Any CPU
		{4F7D4BF3-DE54-4D97-BE75-6595D9727D32}.Debug|x86.Build.0 = Debug|Any CPU
		{4F7D4BF3-DE54-4D97-BE75-6595D9727D32}.Release|Any CPU.ActiveCfg = Release|Any CPU
		{4F7D4BF3-DE54-4D97-BE75-6595D9727D32}.Release|Any CPU.Build.0 = Release|Any CPU
		{4F7D4BF3-DE54-4D97-BE75-6595D9727D32}.Release|x64.ActiveCfg = Release|Any CPU
		{4F7D4BF3-DE54-4D97-BE75-6595D9727D32}.Release|x64.Build.0 = Release|Any CPU
		{4F7D4BF3-DE54-4D97-BE75-6595D9727D32}.Release|x86.ActiveCfg = Release|Any CPU
		{4F7D4BF3-DE54-4D97-BE75-6595D9727D32}.Release|x86.Build.0 = Release|Any CPU
		{92B65CDA-A625-46E5-A89B-C3DFEF9CF6BD}.Debug|Any CPU.ActiveCfg = Debug|Any CPU
		{92B65CDA-A625-46E5-A89B-C3DFEF9CF6BD}.Debug|Any CPU.Build.0 = Debug|Any CPU
		{92B65CDA-A625-46E5-A89B-C3DFEF9CF6BD}.Debug|x64.ActiveCfg = Debug|Any CPU
		{92B65CDA-A625-46E5-A89B-C3DFEF9CF6BD}.Debug|x64.Build.0 = Debug|Any CPU
		{92B65CDA-A625-46E5-A89B-C3DFEF9CF6BD}.Debug|x86.ActiveCfg = Debug|Any CPU
		{92B65CDA-A625-46E5-A89B-C3DFEF9CF6BD}.Debug|x86.Build.0 = Debug|Any CPU
		{92B65CDA-A625-46E5-A89B-C3DFEF9CF6BD}.Release|Any CPU.ActiveCfg = Release|Any CPU
		{92B65CDA-A625-46E5-A89B-C3DFEF9CF6BD}.Release|Any CPU.Build.0 = Release|Any CPU
		{92B65CDA-A625-46E5-A89B-C3DFEF9CF6BD}.Release|x64.ActiveCfg = Release|Any CPU
		{92B65CDA-A625-46E5-A89B-C3DFEF9CF6BD}.Release|x64.Build.0 = Release|Any CPU
		{92B65CDA-A625-46E5-A89B-C3DFEF9CF6BD}.Release|x86.ActiveCfg = Release|Any CPU
		{92B65CDA-A625-46E5-A89B-C3DFEF9CF6BD}.Release|x86.Build.0 = Release|Any CPU
		{748FD4B3-D8E0-4FF5-AF67-40E1E252120F}.Debug|Any CPU.ActiveCfg = Debug|Any CPU
		{748FD4B3-D8E0-4FF5-AF67-40E1E252120F}.Debug|Any CPU.Build.0 = Debug|Any CPU
		{748FD4B3-D8E0-4FF5-AF67-40E1E252120F}.Debug|x64.ActiveCfg = Debug|Any CPU
		{748FD4B3-D8E0-4FF5-AF67-40E1E252120F}.Debug|x64.Build.0 = Debug|Any CPU
		{748FD4B3-D8E0-4FF5-AF67-40E1E252120F}.Debug|x86.ActiveCfg = Debug|Any CPU
		{748FD4B3-D8E0-4FF5-AF67-40E1E252120F}.Debug|x86.Build.0 = Debug|Any CPU
		{748FD4B3-D8E0-4FF5-AF67-40E1E252120F}.Release|Any CPU.ActiveCfg = Release|Any CPU
		{748FD4B3-D8E0-4FF5-AF67-40E1E252120F}.Release|Any CPU.Build.0 = Release|Any CPU
		{748FD4B3-D8E0-4FF5-AF67-40E1E252120F}.Release|x64.ActiveCfg = Release|Any CPU
		{748FD4B3-D8E0-4FF5-AF67-40E1E252120F}.Release|x64.Build.0 = Release|Any CPU
		{748FD4B3-D8E0-4FF5-AF67-40E1E252120F}.Release|x86.ActiveCfg = Release|Any CPU
		{748FD4B3-D8E0-4FF5-AF67-40E1E252120F}.Release|x86.Build.0 = Release|Any CPU
		{239FE8CA-D263-43E4-95BB-AC1E89D18A4D}.Debug|Any CPU.ActiveCfg = Debug|Any CPU
		{239FE8CA-D263-43E4-95BB-AC1E89D18A4D}.Debug|Any CPU.Build.0 = Debug|Any CPU
		{239FE8CA-D263-43E4-95BB-AC1E89D18A4D}.Debug|Any CPU.Deploy.0 = Debug|Any CPU
		{239FE8CA-D263-43E4-95BB-AC1E89D18A4D}.Debug|x64.ActiveCfg = Debug|Any CPU
		{239FE8CA-D263-43E4-95BB-AC1E89D18A4D}.Debug|x64.Build.0 = Debug|Any CPU
		{239FE8CA-D263-43E4-95BB-AC1E89D18A4D}.Debug|x86.ActiveCfg = Debug|Any CPU
		{239FE8CA-D263-43E4-95BB-AC1E89D18A4D}.Debug|x86.Build.0 = Debug|Any CPU
		{239FE8CA-D263-43E4-95BB-AC1E89D18A4D}.Release|Any CPU.ActiveCfg = Release|Any CPU
		{239FE8CA-D263-43E4-95BB-AC1E89D18A4D}.Release|Any CPU.Build.0 = Release|Any CPU
		{239FE8CA-D263-43E4-95BB-AC1E89D18A4D}.Release|x64.ActiveCfg = Release|Any CPU
		{239FE8CA-D263-43E4-95BB-AC1E89D18A4D}.Release|x64.Build.0 = Release|Any CPU
		{239FE8CA-D263-43E4-95BB-AC1E89D18A4D}.Release|x86.ActiveCfg = Release|Any CPU
		{239FE8CA-D263-43E4-95BB-AC1E89D18A4D}.Release|x86.Build.0 = Release|Any CPU
		{4DA9F65A-AA4E-4085-AF55-E7467204B2E0}.Debug|Any CPU.ActiveCfg = Debug|Any CPU
		{4DA9F65A-AA4E-4085-AF55-E7467204B2E0}.Debug|Any CPU.Build.0 = Debug|Any CPU
		{4DA9F65A-AA4E-4085-AF55-E7467204B2E0}.Debug|x64.ActiveCfg = Debug|Any CPU
		{4DA9F65A-AA4E-4085-AF55-E7467204B2E0}.Debug|x64.Build.0 = Debug|Any CPU
		{4DA9F65A-AA4E-4085-AF55-E7467204B2E0}.Debug|x86.ActiveCfg = Debug|Any CPU
		{4DA9F65A-AA4E-4085-AF55-E7467204B2E0}.Debug|x86.Build.0 = Debug|Any CPU
		{4DA9F65A-AA4E-4085-AF55-E7467204B2E0}.Release|Any CPU.ActiveCfg = Release|Any CPU
		{4DA9F65A-AA4E-4085-AF55-E7467204B2E0}.Release|Any CPU.Build.0 = Release|Any CPU
		{4DA9F65A-AA4E-4085-AF55-E7467204B2E0}.Release|x64.ActiveCfg = Release|Any CPU
		{4DA9F65A-AA4E-4085-AF55-E7467204B2E0}.Release|x64.Build.0 = Release|Any CPU
		{4DA9F65A-AA4E-4085-AF55-E7467204B2E0}.Release|x86.ActiveCfg = Release|Any CPU
		{4DA9F65A-AA4E-4085-AF55-E7467204B2E0}.Release|x86.Build.0 = Release|Any CPU
		{638C9768-4F7C-45A2-A376-A9D33F467A30}.Debug|Any CPU.ActiveCfg = Debug|Any CPU
		{638C9768-4F7C-45A2-A376-A9D33F467A30}.Debug|Any CPU.Build.0 = Debug|Any CPU
		{638C9768-4F7C-45A2-A376-A9D33F467A30}.Debug|x64.ActiveCfg = Debug|Any CPU
		{638C9768-4F7C-45A2-A376-A9D33F467A30}.Debug|x64.Build.0 = Debug|Any CPU
		{638C9768-4F7C-45A2-A376-A9D33F467A30}.Debug|x86.ActiveCfg = Debug|Any CPU
		{638C9768-4F7C-45A2-A376-A9D33F467A30}.Debug|x86.Build.0 = Debug|Any CPU
		{638C9768-4F7C-45A2-A376-A9D33F467A30}.Release|Any CPU.ActiveCfg = Release|Any CPU
		{638C9768-4F7C-45A2-A376-A9D33F467A30}.Release|Any CPU.Build.0 = Release|Any CPU
		{638C9768-4F7C-45A2-A376-A9D33F467A30}.Release|x64.ActiveCfg = Release|Any CPU
		{638C9768-4F7C-45A2-A376-A9D33F467A30}.Release|x64.Build.0 = Release|Any CPU
		{638C9768-4F7C-45A2-A376-A9D33F467A30}.Release|x86.ActiveCfg = Release|Any CPU
		{638C9768-4F7C-45A2-A376-A9D33F467A30}.Release|x86.Build.0 = Release|Any CPU
	EndGlobalSection
	GlobalSection(SolutionProperties) = preSolution
		HideSolutionNode = FALSE
	EndGlobalSection
	GlobalSection(NestedProjects) = preSolution
		{46C9CF37-0305-47EE-8A99-16E10CE480CF} = {827E0CD3-B72D-47B6-A68D-7590B98EB39B}
		{4F7D4BF3-DE54-4D97-BE75-6595D9727D32} = {827E0CD3-B72D-47B6-A68D-7590B98EB39B}
		{92B65CDA-A625-46E5-A89B-C3DFEF9CF6BD} = {827E0CD3-B72D-47B6-A68D-7590B98EB39B}
		{748FD4B3-D8E0-4FF5-AF67-40E1E252120F} = {827E0CD3-B72D-47B6-A68D-7590B98EB39B}
		{239FE8CA-D263-43E4-95BB-AC1E89D18A4D} = {827E0CD3-B72D-47B6-A68D-7590B98EB39B}
		{4DA9F65A-AA4E-4085-AF55-E7467204B2E0} = {0AB3BF05-4346-4AA6-1389-037BE0695223}
		{638C9768-4F7C-45A2-A376-A9D33F467A30} = {827E0CD3-B72D-47B6-A68D-7590B98EB39B}
	EndGlobalSection
	GlobalSection(ExtensibilityGlobals) = postSolution
		SolutionGuid = {CEB6A2D2-9811-4D38-83AB-29C887C016C6}
	EndGlobalSection
EndGlobal
